
Microsoft Visual Studio Solution File, Format Version 12.00
# Visual Studio Version 17
VisualStudioVersion = 17.7.34202.233
MinimumVisualStudioVersion = 10.0.40219.1
Project("{FAE04EC0-301F-11D3-BF4B-00C04F79EFBC}") = "APIAuth", "APIAuth.csproj", "{9841CA8D-06B0-4E99-B4D8-D349322DEEB1}"
EndProject
Global
	GlobalSection(SolutionConfigurationPlatforms) = preSolution
		Debug|Any CPU = Debug|Any CPU
		Release|Any CPU = Release|Any CPU
	EndGlobalSection
	GlobalSection(ProjectConfigurationPlatforms) = postSolution
		{9841CA8D-06B0-4E99-B4D8-D349322DEEB1}.Debug|Any CPU.ActiveCfg = Debug|Any CPU
		{9841CA8D-06B0-4E99-B4D8-D349322DEEB1}.Debug|Any CPU.Build.0 = Debug|Any CPU
		{9841CA8D-06B0-4E99-B4D8-D349322DEEB1}.Release|Any CPU.ActiveCfg = Release|Any CPU
		{9841CA8D-06B0-4E99-B4D8-D349322DEEB1}.Release|Any CPU.Build.0 = Release|Any CPU
	EndGlobalSection
	GlobalSection(SolutionProperties) = preSolution
		HideSolutionNode = FALSE
	EndGlobalSection
	GlobalSection(ExtensibilityGlobals) = postSolution
		SolutionGuid = {DE3C2627-3D05-4E14-9084-FAA1DEF2D847}
	EndGlobalSection
EndGlobal
